// !$*UTF8*$!
{
	archiveVersion = 1;
	classes = {
	};
	objectVersion = 50;
	objects = {

/* Begin PBXBuildFile section */
		C20EB004208CC6A500C3C2D2 /* Item.swift in Sources */ = {isa = PBXBuildFile; fileRef = C20EB003208CC6A500C3C2D2 /* Item.swift */; };
		C25528C6208CA974007FB3E4 /* AppDelegate.swift in Sources */ = {isa = PBXBuildFile; fileRef = C25528C5208CA974007FB3E4 /* AppDelegate.swift */; };
		C25528C8208CA974007FB3E4 /* TodoListViewController.swift in Sources */ = {isa = PBXBuildFile; fileRef = C25528C7208CA974007FB3E4 /* TodoListViewController.swift */; };
		C25528CB208CA974007FB3E4 /* Main.storyboard in Resources */ = {isa = PBXBuildFile; fileRef = C25528C9208CA974007FB3E4 /* Main.storyboard */; };
		C25528CD208CA975007FB3E4 /* Assets.xcassets in Resources */ = {isa = PBXBuildFile; fileRef = C25528CC208CA975007FB3E4 /* Assets.xcassets */; };
		C25528D0208CA975007FB3E4 /* LaunchScreen.storyboard in Resources */ = {isa = PBXBuildFile; fileRef = C25528CE208CA975007FB3E4 /* LaunchScreen.storyboard */; };
/* End PBXBuildFile section */

/* Begin PBXFileReference section */
		C20EB003208CC6A500C3C2D2 /* Item.swift */ = {isa = PBXFileReference; lastKnownFileType = sourcecode.swift; path = Item.swift; sourceTree = "<group>"; };
		C25528C2208CA974007FB3E4 /* Todo it.app */ = {isa = PBXFileReference; explicitFileType = wrapper.application; includeInIndex = 0; path = "Todo it.app"; sourceTree = BUILT_PRODUCTS_DIR; };
		C25528C5208CA974007FB3E4 /* AppDelegate.swift */ = {isa = PBXFileReference; lastKnownFileType = sourcecode.swift; path = AppDelegate.swift; sourceTree = "<group>"; };
		C25528C7208CA974007FB3E4 /* TodoListViewController.swift */ = {isa = PBXFileReference; lastKnownFileType = sourcecode.swift; path = TodoListViewController.swift; sourceTree = "<group>"; };
		C25528CA208CA974007FB3E4 /* Base */ = {isa = PBXFileReference; lastKnownFileType = file.storyboard; name = Base; path = Base.lproj/Main.storyboard; sourceTree = "<group>"; };
		C25528CC208CA975007FB3E4 /* Assets.xcassets */ = {isa = PBXFileReference; lastKnownFileType = folder.assetcatalog; path = Assets.xcassets; sourceTree = "<group>"; };
		C25528CF208CA975007FB3E4 /* Base */ = {isa = PBXFileReference; lastKnownFileType = file.storyboard; name = Base; path = Base.lproj/LaunchScreen.storyboard; sourceTree = "<group>"; };
		C25528D1208CA975007FB3E4 /* Info.plist */ = {isa = PBXFileReference; lastKnownFileType = text.plist.xml; path = Info.plist; sourceTree = "<group>"; };
/* End PBXFileReference section */

/* Begin PBXFrameworksBuildPhase section */
		C25528BF208CA974007FB3E4 /* Frameworks */ = {
			isa = PBXFrameworksBuildPhase;
			buildActionMask = 2147483647;
			files = (
			);
			runOnlyForDeploymentPostprocessing = 0;
		};
/* End PBXFrameworksBuildPhase section */

/* Begin PBXGroup section */
		C20EB005208CC70900C3C2D2 /* DataModel */ = {
			isa = PBXGroup;
			children = (
				C25528CE208CA975007FB3E4 /* LaunchScreen.storyboard */,
				C20EB003208CC6A500C3C2D2 /* Item.swift */,
			);
			path = DataModel;
			sourceTree = "<group>";
		};
		C20EB006208CC71B00C3C2D2 /* Controllers */ = {
			isa = PBXGroup;
			children = (
				C25528C7208CA974007FB3E4 /* TodoListViewController.swift */,
			);
			path = Controllers;
			sourceTree = "<group>";
		};
		C20EB007208CC72C00C3C2D2 /* Views */ = {
			isa = PBXGroup;
			children = (
				C25528C9208CA974007FB3E4 /* Main.storyboard */,
			);
			path = Views;
			sourceTree = "<group>";
		};
		C20EB008208CC74E00C3C2D2 /* SupportingFiles */ = {
			isa = PBXGroup;
			children = (
				C25528CC208CA975007FB3E4 /* Assets.xcassets */,
			);
			path = SupportingFiles;
			sourceTree = "<group>";
		};
		C25528B9208CA974007FB3E4 = {
			isa = PBXGroup;
			children = (
				C25528C4208CA974007FB3E4 /* Todo it */,
				C25528C3208CA974007FB3E4 /* Products */,
			);
			sourceTree = "<group>";
		};
		C25528C3208CA974007FB3E4 /* Products */ = {
			isa = PBXGroup;
			children = (
				C25528C2208CA974007FB3E4 /* Todo it.app */,
			);
			name = Products;
			sourceTree = "<group>";
		};
		C25528C4208CA974007FB3E4 /* Todo it */ = {
			isa = PBXGroup;
			children = (
				C25528C5208CA974007FB3E4 /* AppDelegate.swift */,
				C20EB006208CC71B00C3C2D2 /* Controllers */,
				C20EB005208CC70900C3C2D2 /* DataModel */,
				C20EB007208CC72C00C3C2D2 /* Views */,
				C20EB008208CC74E00C3C2D2 /* SupportingFiles */,
				C25528D1208CA975007FB3E4 /* Info.plist */,
			);
			path = "Todo it";
			sourceTree = "<group>";
		};
/* End PBXGroup section */

/* Begin PBXNativeTarget section */
		C25528C1208CA974007FB3E4 /* Todo it */ = {
			isa = PBXNativeTarget;
			buildConfigurationList = C25528D4208CA975007FB3E4 /* Build configuration list for PBXNativeTarget "Todo it" */;
			buildPhases = (
				C25528BE208CA974007FB3E4 /* Sources */,
				C25528BF208CA974007FB3E4 /* Frameworks */,
				C25528C0208CA974007FB3E4 /* Resources */,
			);
			buildRules = (
			);
			dependencies = (
			);
			name = "Todo it";
			productName = "Todo it";
			productReference = C25528C2208CA974007FB3E4 /* Todo it.app */;
			productType = "com.apple.product-type.application";
		};
/* End PBXNativeTarget section */

/* Begin PBXProject section */
		C25528BA208CA974007FB3E4 /* Project object */ = {
			isa = PBXProject;
			attributes = {
				LastSwiftUpdateCheck = 0930;
				LastUpgradeCheck = 0930;
				ORGANIZATIONNAME = "Muhammed ikbal Can";
				TargetAttributes = {
					C25528C1208CA974007FB3E4 = {
						CreatedOnToolsVersion = 9.3;
					};
				};
			};
			buildConfigurationList = C25528BD208CA974007FB3E4 /* Build configuration list for PBXProject "Todo it" */;
			compatibilityVersion = "Xcode 9.3";
			developmentRegion = en;
			hasScannedForEncodings = 0;
			knownRegions = (
				en,
				Base,
			);
			mainGroup = C25528B9208CA974007FB3E4;
			productRefGroup = C25528C3208CA974007FB3E4 /* Products */;
			projectDirPath = "";
			projectRoot = "";
			targets = (
				C25528C1208CA974007FB3E4 /* Todo it */,
			);
		};
/* End PBXProject section */

/* Begin PBXResourcesBuildPhase section */
		C25528C0208CA974007FB3E4 /* Resources */ = {
			isa = PBXResourcesBuildPhase;
			buildActionMask = 2147483647;
			files = (
				C25528D0208CA975007FB3E4 /* LaunchScreen.storyboard in Resources */,
				C25528CD208CA975007FB3E4 /* Assets.xcassets in Resources */,
				C25528CB208CA974007FB3E4 /* Main.storyboard in Resources */,
			);
			runOnlyForDeploymentPostprocessing = 0;
		};
/* End PBXResourcesBuildPhase section */

/* Begin PBXSourcesBuildPhase section */
		C25528BE208CA974007FB3E4 /* Sources */ = {
			isa = PBXSourcesBuildPhase;
			buildActionMask = 2147483647;
			files = (
				C25528C8208CA974007FB3E4 /* TodoListViewController.swift in Sources */,
				C25528C6208CA974007FB3E4 /* AppDelegate.swift in Sources */,
				C20EB004208CC6A500C3C2D2 /* Item.swift in Sources */,
			);
			runOnlyForDeploymentPostprocessing = 0;
		};
/* End PBXSourcesBuildPhase section */

/* Begin PBXVariantGroup section */
		C25528C9208CA974007FB3E4 /* Main.storyboard */ = {
			isa = PBXVariantGroup;
			children = (
				C25528CA208CA974007FB3E4 /* Base */,
			);
			name = Main.storyboard;
			sourceTree = "<group>";
		};
		C25528CE208CA975007FB3E4 /* LaunchScreen.storyboard */ = {
			isa = PBXVariantGroup;
			children = (
				C25528CF208CA975007FB3E4 /* Base */,
			);
			name = LaunchScreen.storyboard;
			sourceTree = "<group>";
		};
/* End PBXVariantGroup section */

/* Begin XCBuildConfiguration section */
		C25528D2208CA975007FB3E4 /* Debug */ = {
			isa = XCBuildConfiguration;
			buildSettings = {
				ALWAYS_SEARCH_USER_PATHS = NO;
				CLANG_ANALYZER_NONNULL = YES;
				CLANG_ANALYZER_NUMBER_OBJECT_CONVERSION = YES_AGGRESSIVE;
				CLANG_CXX_LANGUAGE_STANDARD = "gnu++14";
				CLANG_CXX_LIBRARY = "libc++";
				CLANG_ENABLE_MODULES = YES;
				CLANG_ENABLE_OBJC_ARC = YES;
				CLANG_ENABLE_OBJC_WEAK = YES;
				CLANG_WARN_BLOCK_CAPTURE_AUTORELEASING = YES;
				CLANG_WARN_BOOL_CONVERSION = YES;
				CLANG_WARN_COMMA = YES;
				CLANG_WARN_CONSTANT_CONVERSION = YES;
				CLANG_WARN_DEPRECATED_OBJC_IMPLEMENTATIONS = YES;
				CLANG_WARN_DIRECT_OBJC_ISA_USAGE = YES_ERROR;
				CLANG_WARN_DOCUMENTATION_COMMENTS = YES;
				CLANG_WARN_EMPTY_BODY = YES;
				CLANG_WARN_ENUM_CONVERSION = YES;
				CLANG_WARN_INFINITE_RECURSION = YES;
				CLANG_WARN_INT_CONVERSION = YES;
				CLANG_WARN_NON_LITERAL_NULL_CONVERSION = YES;
				CLANG_WARN_OBJC_IMPLICIT_RETAIN_SELF = YES;
				CLANG_WARN_OBJC_LITERAL_CONVERSION = YES;
				CLANG_WARN_OBJC_ROOT_CLASS = YES_ERROR;
				CLANG_WARN_RANGE_LOOP_ANALYSIS = YES;
				CLANG_WARN_STRICT_PROTOTYPES = YES;
				CLANG_WARN_SUSPICIOUS_MOVE = YES;
				CLANG_WARN_UNGUARDED_AVAILABILITY = YES_AGGRESSIVE;
				CLANG_WARN_UNREACHABLE_CODE = YES;
				CLANG_WARN__DUPLICATE_METHOD_MATCH = YES;
				CODE_SIGN_IDENTITY = "iPhone Developer";
				COPY_PHASE_STRIP = NO;
				DEBUG_INFORMATION_FORMAT = dwarf;
				ENABLE_STRICT_OBJC_MSGSEND = YES;
				ENABLE_TESTABILITY = YES;
				GCC_C_LANGUAGE_STANDARD = gnu11;
				GCC_DYNAMIC_NO_PIC = NO;
				GCC_NO_COMMON_BLOCKS = YES;
				GCC_OPTIMIZATION_LEVEL = 0;
				GCC_PREPROCESSOR_DEFINITIONS = (
					"DEBUG=1",
					"$(inherited)",
				);
				GCC_WARN_64_TO_32_BIT_CONVERSION = YES;
				GCC_WARN_ABOUT_RETURN_TYPE = YES_ERROR;
				GCC_WARN_UNDECLARED_SELECTOR = YES;
				GCC_WARN_UNINITIALIZED_AUTOS = YES_AGGRESSIVE;
				GCC_WARN_UNUSED_FUNCTION = YES;
				GCC_WARN_UNUSED_VARIABLE = YES;
				IPHONEOS_DEPLOYMENT_TARGET = 11.3;
				MTL_ENABLE_DEBUG_INFO = YES;
				ONLY_ACTIVE_ARCH = YES;
				SDKROOT = iphoneos;
				SWIFT_ACTIVE_COMPILATION_CONDITIONS = DEBUG;
				SWIFT_OPTIMIZATION_LEVEL = "-Onone";
			};
			name = Debug;
		};
		C25528D3208CA975007FB3E4 /* Release */ = {
			isa = XCBuildConfiguration;
			buildSettings = {
				ALWAYS_SEARCH_USER_PATHS = NO;
				CLANG_ANALYZER_NONNULL = YES;
				CLANG_ANALYZER_NUMBER_OBJECT_CONVERSION = YES_AGGRESSIVE;
				CLANG_CXX_LANGUAGE_STANDARD = "gnu++14";
				CLANG_CXX_LIBRARY = "libc++";
				CLANG_ENABLE_MODULES = YES;
				CLANG_ENABLE_OBJC_ARC = YES;
				CLANG_ENABLE_OBJC_WEAK = YES;
				CLANG_WARN_BLOCK_CAPTURE_AUTORELEASING = YES;
				CLANG_WARN_BOOL_CONVERSION = YES;
				CLANG_WARN_COMMA = YES;
				CLANG_WARN_CONSTANT_CONVERSION = YES;
				CLANG_WARN_DEPRECATED_OBJC_IMPLEMENTATIONS = YES;
				CLANG_WARN_DIRECT_OBJC_ISA_USAGE = YES_ERROR;
				CLANG_WARN_DOCUMENTATION_COMMENTS = YES;
				CLANG_WARN_EMPTY_BODY = YES;
				CLANG_WARN_ENUM_CONVERSION = YES;
				CLANG_WARN_INFINITE_RECURSION = YES;
				CLANG_WARN_INT_CONVERSION = YES;
				CLANG_WARN_NON_LITERAL_NULL_CONVERSION = YES;
				CLANG_WARN_OBJC_IMPLICIT_RETAIN_SELF = YES;
				CLANG_WARN_OBJC_LITERAL_CONVERSION = YES;
				CLANG_WARN_OBJC_ROOT_CLASS = YES_ERROR;
				CLANG_WARN_RANGE_LOOP_ANALYSIS = YES;
				CLANG_WARN_STRICT_PROTOTYPES = YES;
				CLANG_WARN_SUSPICIOUS_MOVE = YES;
				CLANG_WARN_UNGUARDED_AVAILABILITY = YES_AGGRESSIVE;
				CLANG_WARN_UNREACHABLE_CODE = YES;
				CLANG_WARN__DUPLICATE_METHOD_MATCH = YES;
				CODE_SIGN_IDENTITY = "iPhone Developer";
				COPY_PHASE_STRIP = NO;
				DEBUG_INFORMATION_FORMAT = "dwarf-with-dsym";
				ENABLE_NS_ASSERTIONS = NO;
				ENABLE_STRICT_OBJC_MSGSEND = YES;
				GCC_C_LANGUAGE_STANDARD = gnu11;
				GCC_NO_COMMON_BLOCKS = YES;
				GCC_WARN_64_TO_32_BIT_CONVERSION = YES;
				GCC_WARN_ABOUT_RETURN_TYPE = YES_ERROR;
				GCC_WARN_UNDECLARED_SELECTOR = YES;
				GCC_WARN_UNINITIALIZED_AUTOS = YES_AGGRESSIVE;
				GCC_WARN_UNUSED_FUNCTION = YES;
				GCC_WARN_UNUSED_VARIABLE = YES;
				IPHONEOS_DEPLOYMENT_TARGET = 11.3;
				MTL_ENABLE_DEBUG_INFO = NO;
				SDKROOT = iphoneos;
				SWIFT_COMPILATION_MODE = wholemodule;
				SWIFT_OPTIMIZATION_LEVEL = "-O";
				VALIDATE_PRODUCT = YES;
			};
			name = Release;
		};
		C25528D5208CA975007FB3E4 /* Debug */ = {
			isa = XCBuildConfiguration;
			buildSettings = {
				ASSETCATALOG_COMPILER_APPICON_NAME = AppIcon;
				CODE_SIGN_STYLE = Automatic;
				DEVELOPMENT_TEAM = 9YPWB3HQA9;
				INFOPLIST_FILE = "Todo it/Info.plist";
				LD_RUNPATH_SEARCH_PATHS = (
					"$(inherited)",
					"@executable_path/Frameworks",
				);
				PRODUCT_BUNDLE_IDENTIFIER = "org.mikjoe.Todo-it";
				PRODUCT_NAME = "$(TARGET_NAME)";
				SWIFT_VERSION = 4.0;
				TARGETED_DEVICE_FAMILY = "1,2";
			};
			name = Debug;
		};
		C25528D6208CA975007FB3E4 /* Release */ = {
			isa = XCBuildConfiguration;
			buildSettings = {
				ASSETCATALOG_COMPILER_APPICON_NAME = AppIcon;
				CODE_SIGN_STYLE = Automatic;
				DEVELOPMENT_TEAM = 9YPWB3HQA9;
				INFOPLIST_FILE = "Todo it/Info.plist";
				LD_RUNPATH_SEARCH_PATHS = (
					"$(inherited)",
					"@executable_path/Frameworks",
				);
				PRODUCT_BUNDLE_IDENTIFIER = "org.mikjoe.Todo-it";
				PRODUCT_NAME = "$(TARGET_NAME)";
				SWIFT_VERSION = 4.0;
				TARGETED_DEVICE_FAMILY = "1,2";
			};
			name = Release;
		};
/* End XCBuildConfiguration section */

/* Begin XCConfigurationList section */
		C25528BD208CA974007FB3E4 /* Build configuration list for PBXProject "Todo it" */ = {
			isa = XCConfigurationList;
			buildConfigurations = (
				C25528D2208CA975007FB3E4 /* Debug */,
				C25528D3208CA975007FB3E4 /* Release */,
			);
			defaultConfigurationIsVisible = 0;
			defaultConfigurationName = Release;
		};
		C25528D4208CA975007FB3E4 /* Build configuration list for PBXNativeTarget "Todo it" */ = {
			isa = XCConfigurationList;
			buildConfigurations = (
				C25528D5208CA975007FB3E4 /* Debug */,
				C25528D6208CA975007FB3E4 /* Release */,
			);
			defaultConfigurationIsVisible = 0;
			defaultConfigurationName = Release;
		};
/* End XCConfigurationList section */
	};
	rootObject = C25528BA208CA974007FB3E4 /* Project object */;
}
